%{"coverex": {:hex, :coverex, "1.3.0"},
  "gen_icmp": {:git, "git://github.com/msantos/gen_icmp.git", "2f15abb3c2b32fa94c68b8014c26e83bc3ed72fb", []},
  "hackney": {:hex, :hackney, "1.1.0"},
  "httpoison": {:hex, :httpoison, "0.6.2"},
  "idna": {:hex, :idna, "1.0.2"},
  "pkt": {:git, "git://github.com/msantos/pkt.git", "8dd994caf48b22ebf18d0e7257a3d19ef9c8d9ee", [tag: "0.4.4"]},
  "poison": {:hex, :poison, "1.3.1"},
  "procket": {:git, "git://github.com/msantos/procket.git", "eddc2d965f9b14abd06677cb2d1cf9c2ee9759ee", [tag: "0.5.1"]},
  "ssl_verify_hostname": {:hex, :ssl_verify_hostname, "1.0.5"}}
